
Microsoft Visual Studio Solution File, Format Version 12.00
# Visual Studio Version 17
VisualStudioVersion = 17.14.37111.16 d17.14
MinimumVisualStudioVersion = 10.0.40219.1
Project("{FAE04EC0-301F-11D3-BF4B-00C04F79EFBC}") = "LambdaExpressions", "LambdaExpressions\LambdaExpressions.csproj", "{0F281D31-62F4-48F9-AAED-59B453E6F7B2}"
EndProject
Global
	GlobalSection(SolutionConfigurationPlatforms) = preSolution
		Debug|Any CPU = Debug|Any CPU
		Release|Any CPU = Release|Any CPU
	EndGlobalSection
	GlobalSection(ProjectConfigurationPlatforms) = postSolution
		{0F281D31-62F4-48F9-AAED-59B453E6F7B2}.Debug|Any CPU.ActiveCfg = Debug|Any CPU
		{0F281D31-62F4-48F9-AAED-59B453E6F7B2}.Debug|Any CPU.Build.0 = Debug|Any CPU
		{0F281D31-62F4-48F9-AAED-59B453E6F7B2}.Release|Any CPU.ActiveCfg = Release|Any CPU
		{0F281D31-62F4-48F9-AAED-59B453E6F7B2}.Release|Any CPU.Build.0 = Release|Any CPU
	EndGlobalSection
	GlobalSection(SolutionProperties) = preSolution
		HideSolutionNode = FALSE
	EndGlobalSection
	GlobalSection(ExtensibilityGlobals) = postSolution
		SolutionGuid = {FD0D3106-8842-4101-B151-6326AA67BFBA}
	EndGlobalSection
EndGlobal
