
Microsoft Visual Studio Solution File, Format Version 12.00
# Visual Studio Version 17
VisualStudioVersion = 17.14.37111.16 d17.14
MinimumVisualStudioVersion = 10.0.40219.1
Project("{FAE04EC0-301F-11D3-BF4B-00C04F79EFBC}") = "DependencyInjectionLab", "DependencyInjectionLab\DependencyInjectionLab.csproj", "{D31689B2-C824-45E2-8802-C7B0854736D9}"
EndProject
Global
	GlobalSection(SolutionConfigurationPlatforms) = preSolution
		Debug|Any CPU = Debug|Any CPU
		Release|Any CPU = Release|Any CPU
	EndGlobalSection
	GlobalSection(ProjectConfigurationPlatforms) = postSolution
		{D31689B2-C824-45E2-8802-C7B0854736D9}.Debug|Any CPU.ActiveCfg = Debug|Any CPU
		{D31689B2-C824-45E2-8802-C7B0854736D9}.Debug|Any CPU.Build.0 = Debug|Any CPU
		{D31689B2-C824-45E2-8802-C7B0854736D9}.Release|Any CPU.ActiveCfg = Release|Any CPU
		{D31689B2-C824-45E2-8802-C7B0854736D9}.Release|Any CPU.Build.0 = Release|Any CPU
	EndGlobalSection
	GlobalSection(SolutionProperties) = preSolution
		HideSolutionNode = FALSE
	EndGlobalSection
	GlobalSection(ExtensibilityGlobals) = postSolution
		SolutionGuid = {8858B4CF-0959-4A33-ACC2-3A7A2BE2D0AB}
	EndGlobalSection
EndGlobal
